
Microsoft Visual Studio Solution File, Format Version 12.00
# Visual Studio Version 17
VisualStudioVersion = 17.3.32922.545
MinimumVisualStudioVersion = 10.0.40219.1
Project("{FAE04EC0-301F-11D3-BF4B-00C04F79EFBC}") = "Functional_Programming", "Functional_Programming.csproj", "{A10199CB-96EE-49DE-BF5E-797A3C238883}"
EndProject
Global
	GlobalSection(SolutionConfigurationPlatforms) = preSolution
		Debug|Any CPU = Debug|Any CPU
		Release|Any CPU = Release|Any CPU
	EndGlobalSection
	GlobalSection(ProjectConfigurationPlatforms) = postSolution
		{A10199CB-96EE-49DE-BF5E-797A3C238883}.Debug|Any CPU.ActiveCfg = Debug|Any CPU
		{A10199CB-96EE-49DE-BF5E-797A3C238883}.Debug|Any CPU.Build.0 = Debug|Any CPU
		{A10199CB-96EE-49DE-BF5E-797A3C238883}.Release|Any CPU.ActiveCfg = Release|Any CPU
		{A10199CB-96EE-49DE-BF5E-797A3C238883}.Release|Any CPU.Build.0 = Release|Any CPU
	EndGlobalSection
	GlobalSection(SolutionProperties) = preSolution
		HideSolutionNode = FALSE
	EndGlobalSection
	GlobalSection(ExtensibilityGlobals) = postSolution
		SolutionGuid = {CEDC6011-5FCC-4A71-8EAB-E170B55DDC7E}
	EndGlobalSection
EndGlobal
